
Microsoft Visual Studio Solution File, Format Version 12.00
# Visual Studio Version 17
VisualStudioVersion = 17.10.34916.146
MinimumVisualStudioVersion = 10.0.40219.1
Project("{FAE04EC0-301F-11D3-BF4B-00C04F79EFBC}") = "StackTraceParserWeb", "StackTraceParserWeb.csproj", "{BDC14E72-B2F2-4C0B-BC67-53F91A6DCA0B}"
EndProject
Project("{FAE04EC0-301F-11D3-BF4B-00C04F79EFBC}") = "StackTraceParserWeb.Test", "..\StackTraceParserWeb.Test\StackTraceParserWeb.Test.csproj", "{528F5C71-8995-4041-B3BE-F525DB5C0EDA}"
EndProject
Global
	GlobalSection(SolutionConfigurationPlatforms) = preSolution
		Debug|Any CPU = Debug|Any CPU
		Release|Any CPU = Release|Any CPU
	EndGlobalSection
	GlobalSection(ProjectConfigurationPlatforms) = postSolution
		{BDC14E72-B2F2-4C0B-BC67-53F91A6DCA0B}.Debug|Any CPU.ActiveCfg = Debug|Any CPU
		{BDC14E72-B2F2-4C0B-BC67-53F91A6DCA0B}.Debug|Any CPU.Build.0 = Debug|Any CPU
		{BDC14E72-B2F2-4C0B-BC67-53F91A6DCA0B}.Release|Any CPU.ActiveCfg = Release|Any CPU
		{BDC14E72-B2F2-4C0B-BC67-53F91A6DCA0B}.Release|Any CPU.Build.0 = Release|Any CPU
		{528F5C71-8995-4041-B3BE-F525DB5C0EDA}.Debug|Any CPU.ActiveCfg = Debug|Any CPU
		{528F5C71-8995-4041-B3BE-F525DB5C0EDA}.Debug|Any CPU.Build.0 = Debug|Any CPU
		{528F5C71-8995-4041-B3BE-F525DB5C0EDA}.Release|Any CPU.ActiveCfg = Release|Any CPU
		{528F5C71-8995-4041-B3BE-F525DB5C0EDA}.Release|Any CPU.Build.0 = Release|Any CPU
	EndGlobalSection
	GlobalSection(SolutionProperties) = preSolution
		HideSolutionNode = FALSE
	EndGlobalSection
	GlobalSection(ExtensibilityGlobals) = postSolution
		SolutionGuid = {A96CBDB3-5151-4B2D-8B72-F4441B64FAEF}
	EndGlobalSection
EndGlobal
